
Microsoft Visual Studio Solution File, Format Version 12.00
# Visual Studio Version 17
VisualStudioVersion = 17.4.33122.133
MinimumVisualStudioVersion = 10.0.40219.1
Project("{FAE04EC0-301F-11D3-BF4B-00C04F79EFBC}") = "NZWalks.API", "NZWalks.API\NZWalks.API.csproj", "{A377CF0C-D6CE-48A5-B2A6-492DA5C6B18D}"
EndProject
Global
	GlobalSection(SolutionConfigurationPlatforms) = preSolution
		Debug|Any CPU = Debug|Any CPU
		Release|Any CPU = Release|Any CPU
	EndGlobalSection
	GlobalSection(ProjectConfigurationPlatforms) = postSolution
		{A377CF0C-D6CE-48A5-B2A6-492DA5C6B18D}.Debug|Any CPU.ActiveCfg = Debug|Any CPU
		{A377CF0C-D6CE-48A5-B2A6-492DA5C6B18D}.Debug|Any CPU.Build.0 = Debug|Any CPU
		{A377CF0C-D6CE-48A5-B2A6-492DA5C6B18D}.Release|Any CPU.ActiveCfg = Release|Any CPU
		{A377CF0C-D6CE-48A5-B2A6-492DA5C6B18D}.Release|Any CPU.Build.0 = Release|Any CPU
	EndGlobalSection
	GlobalSection(SolutionProperties) = preSolution
		HideSolutionNode = FALSE
	EndGlobalSection
	GlobalSection(ExtensibilityGlobals) = postSolution
		SolutionGuid = {B461C8C8-677C-467C-98B7-ADEE40383634}
	EndGlobalSection
EndGlobal
